
Microsoft Visual Studio Solution File, Format Version 12.00
# Visual Studio 15
VisualStudioVersion = 15.0.27428.2015
MinimumVisualStudioVersion = 10.0.40219.1
Project("{FAE04EC0-301F-11D3-BF4B-00C04F79EFBC}") = "WallpaperManager", "WallpaperManager\WallpaperManager.csproj", "{2D628717-FBAC-4FF0-9761-2EA81FD6B3CD}"
EndProject
Project("{FAE04EC0-301F-11D3-BF4B-00C04F79EFBC}") = "WallpaperManagerTests", "WallpaperManagerTests\WallpaperManagerTests.csproj", "{AA4AF465-243C-451B-8B9B-8B9AEFEC97B5}"
EndProject
Global
	GlobalSection(SolutionConfigurationPlatforms) = preSolution
		Debug|Any CPU = Debug|Any CPU
		Release|Any CPU = Release|Any CPU
	EndGlobalSection
	GlobalSection(ProjectConfigurationPlatforms) = postSolution
		{2D628717-FBAC-4FF0-9761-2EA81FD6B3CD}.Debug|Any CPU.ActiveCfg = Debug|Any CPU
		{2D628717-FBAC-4FF0-9761-2EA81FD6B3CD}.Debug|Any CPU.Build.0 = Debug|Any CPU
		{2D628717-FBAC-4FF0-9761-2EA81FD6B3CD}.Release|Any CPU.ActiveCfg = Release|Any CPU
		{2D628717-FBAC-4FF0-9761-2EA81FD6B3CD}.Release|Any CPU.Build.0 = Release|Any CPU
		{AA4AF465-243C-451B-8B9B-8B9AEFEC97B5}.Debug|Any CPU.ActiveCfg = Debug|Any CPU
		{AA4AF465-243C-451B-8B9B-8B9AEFEC97B5}.Debug|Any CPU.Build.0 = Debug|Any CPU
		{AA4AF465-243C-451B-8B9B-8B9AEFEC97B5}.Release|Any CPU.ActiveCfg = Release|Any CPU
		{AA4AF465-243C-451B-8B9B-8B9AEFEC97B5}.Release|Any CPU.Build.0 = Release|Any CPU
	EndGlobalSection
	GlobalSection(SolutionProperties) = preSolution
		HideSolutionNode = FALSE
	EndGlobalSection
	GlobalSection(ExtensibilityGlobals) = postSolution
		SolutionGuid = {7C611682-154F-4564-A05E-CA0FDCC2F006}
	EndGlobalSection
EndGlobal
